
Microsoft Visual Studio Solution File, Format Version 12.00
# Visual Studio Version 17
VisualStudioVersion = 17.5.002.0
MinimumVisualStudioVersion = 10.0.40219.1
Project("{9A19103F-16F7-4668-BE54-9A1E7A4F7556}") = "ifElse", "ifElse.csproj", "{935152B4-B550-4941-84DF-2D2294720717}"
EndProject
Global
	GlobalSection(SolutionConfigurationPlatforms) = preSolution
		Debug|Any CPU = Debug|Any CPU
		Release|Any CPU = Release|Any CPU
	EndGlobalSection
	GlobalSection(ProjectConfigurationPlatforms) = postSolution
		{935152B4-B550-4941-84DF-2D2294720717}.Debug|Any CPU.ActiveCfg = Debug|Any CPU
		{935152B4-B550-4941-84DF-2D2294720717}.Debug|Any CPU.Build.0 = Debug|Any CPU
		{935152B4-B550-4941-84DF-2D2294720717}.Release|Any CPU.ActiveCfg = Release|Any CPU
		{935152B4-B550-4941-84DF-2D2294720717}.Release|Any CPU.Build.0 = Release|Any CPU
	EndGlobalSection
	GlobalSection(SolutionProperties) = preSolution
		HideSolutionNode = FALSE
	EndGlobalSection
	GlobalSection(ExtensibilityGlobals) = postSolution
		SolutionGuid = {50C309B8-CFA6-4225-A1B1-8F52F54B8EEB}
	EndGlobalSection
EndGlobal
